// !$*UTF8*$!
{
	archiveVersion = 1;
	classes = {
	};
	objectVersion = 50;
	objects = {

/* Begin PBXBuildFile section */
		BF0CC92321C9FC63008469D0 /* CRToolBoxTests.swift in Sources */ = {isa = PBXBuildFile; fileRef = BF0CC92221C9FC63008469D0 /* CRToolBoxTests.swift */; };
		BF0CC92E21C9FC63008469D0 /* CRToolBoxUITests.swift in Sources */ = {isa = PBXBuildFile; fileRef = BF0CC92D21C9FC63008469D0 /* CRToolBoxUITests.swift */; };
		BF0CC98121CA4A78008469D0 /* ViewController.swift in Sources */ = {isa = PBXBuildFile; fileRef = BF0CC97B21CA4A77008469D0 /* ViewController.swift */; };
		BF0CC98221CA4A78008469D0 /* Assets.xcassets in Resources */ = {isa = PBXBuildFile; fileRef = BF0CC97C21CA4A77008469D0 /* Assets.xcassets */; };
		BF0CC98321CA4A78008469D0 /* LaunchScreen.storyboard in Resources */ = {isa = PBXBuildFile; fileRef = BF0CC97D21CA4A77008469D0 /* LaunchScreen.storyboard */; };
		BF0CC98421CA4A78008469D0 /* AppDelegate.swift in Sources */ = {isa = PBXBuildFile; fileRef = BF0CC97F21CA4A77008469D0 /* AppDelegate.swift */; };
		BF0CC99621CA5591008469D0 /* UIDevice+Extension.swift in Sources */ = {isa = PBXBuildFile; fileRef = BF0CC98821CA5591008469D0 /* UIDevice+Extension.swift */; };
		BF0CC99721CA5591008469D0 /* UIAlertController+Extension.swift in Sources */ = {isa = PBXBuildFile; fileRef = BF0CC98921CA5591008469D0 /* UIAlertController+Extension.swift */; };
		BF0CC99821CA5591008469D0 /* UIColor+Extension.swift in Sources */ = {isa = PBXBuildFile; fileRef = BF0CC98A21CA5591008469D0 /* UIColor+Extension.swift */; };
		BF0CC99921CA5591008469D0 /* Date+Extension.swift in Sources */ = {isa = PBXBuildFile; fileRef = BF0CC98B21CA5591008469D0 /* Date+Extension.swift */; };
		BF0CC99A21CA5591008469D0 /* UILabel+Extension.swift in Sources */ = {isa = PBXBuildFile; fileRef = BF0CC98C21CA5591008469D0 /* UILabel+Extension.swift */; };
		BF0CC99B21CA5591008469D0 /* UIButton+Extension.swift in Sources */ = {isa = PBXBuildFile; fileRef = BF0CC98D21CA5591008469D0 /* UIButton+Extension.swift */; };
		BF0CC99C21CA5591008469D0 /* UIView+Extension.swift in Sources */ = {isa = PBXBuildFile; fileRef = BF0CC98E21CA5591008469D0 /* UIView+Extension.swift */; };
		BF0CC99D21CA5591008469D0 /* Bundle+Extension.swift in Sources */ = {isa = PBXBuildFile; fileRef = BF0CC98F21CA5591008469D0 /* Bundle+Extension.swift */; };
		BF0CC99E21CA5591008469D0 /* Double+Extension.swift in Sources */ = {isa = PBXBuildFile; fileRef = BF0CC99021CA5591008469D0 /* Double+Extension.swift */; };
		BF0CC99F21CA5591008469D0 /* String+Extension.swift in Sources */ = {isa = PBXBuildFile; fileRef = BF0CC99121CA5591008469D0 /* String+Extension.swift */; };
		BF0CC9A021CA5591008469D0 /* UIScreen+Extension.swift in Sources */ = {isa = PBXBuildFile; fileRef = BF0CC99221CA5591008469D0 /* UIScreen+Extension.swift */; };
		BF0CC9A121CA5591008469D0 /* UICollectionView+Extension.swift in Sources */ = {isa = PBXBuildFile; fileRef = BF0CC99321CA5591008469D0 /* UICollectionView+Extension.swift */; };
		BF0CC9A221CA5591008469D0 /* UITextField+Extension.swift in Sources */ = {isa = PBXBuildFile; fileRef = BF0CC99421CA5591008469D0 /* UITextField+Extension.swift */; };
		BF0CC9A321CA5591008469D0 /* UITableView+Extension.swift in Sources */ = {isa = PBXBuildFile; fileRef = BF0CC99521CA5591008469D0 /* UITableView+Extension.swift */; };
/* End PBXBuildFile section */

/* Begin PBXContainerItemProxy section */
		BF0CC91F21C9FC63008469D0 /* PBXContainerItemProxy */ = {
			isa = PBXContainerItemProxy;
			containerPortal = BF0CC90221C9FC62008469D0 /* Project object */;
			proxyType = 1;
			remoteGlobalIDString = BF0CC90921C9FC62008469D0;
			remoteInfo = CRToolBox;
		};
		BF0CC92A21C9FC63008469D0 /* PBXContainerItemProxy */ = {
			isa = PBXContainerItemProxy;
			containerPortal = BF0CC90221C9FC62008469D0 /* Project object */;
			proxyType = 1;
			remoteGlobalIDString = BF0CC90921C9FC62008469D0;
			remoteInfo = CRToolBox;
		};
/* End PBXContainerItemProxy section */

/* Begin PBXFileReference section */
		BF0CC90A21C9FC62008469D0 /* CRToolBox.app */ = {isa = PBXFileReference; explicitFileType = wrapper.application; includeInIndex = 0; path = CRToolBox.app; sourceTree = BUILT_PRODUCTS_DIR; };
		BF0CC91E21C9FC63008469D0 /* CRToolBoxTests.xctest */ = {isa = PBXFileReference; explicitFileType = wrapper.cfbundle; includeInIndex = 0; path = CRToolBoxTests.xctest; sourceTree = BUILT_PRODUCTS_DIR; };
		BF0CC92221C9FC63008469D0 /* CRToolBoxTests.swift */ = {isa = PBXFileReference; lastKnownFileType = sourcecode.swift; path = CRToolBoxTests.swift; sourceTree = "<group>"; };
		BF0CC92421C9FC63008469D0 /* Info.plist */ = {isa = PBXFileReference; lastKnownFileType = text.plist.xml; path = Info.plist; sourceTree = "<group>"; };
		BF0CC92921C9FC63008469D0 /* CRToolBoxUITests.xctest */ = {isa = PBXFileReference; explicitFileType = wrapper.cfbundle; includeInIndex = 0; path = CRToolBoxUITests.xctest; sourceTree = BUILT_PRODUCTS_DIR; };
		BF0CC92D21C9FC63008469D0 /* CRToolBoxUITests.swift */ = {isa = PBXFileReference; lastKnownFileType = sourcecode.swift; path = CRToolBoxUITests.swift; sourceTree = "<group>"; };
		BF0CC92F21C9FC63008469D0 /* Info.plist */ = {isa = PBXFileReference; lastKnownFileType = text.plist.xml; path = Info.plist; sourceTree = "<group>"; };
		BF0CC97B21CA4A77008469D0 /* ViewController.swift */ = {isa = PBXFileReference; fileEncoding = 4; lastKnownFileType = sourcecode.swift; path = ViewController.swift; sourceTree = "<group>"; };
		BF0CC97C21CA4A77008469D0 /* Assets.xcassets */ = {isa = PBXFileReference; lastKnownFileType = folder.assetcatalog; path = Assets.xcassets; sourceTree = "<group>"; };
		BF0CC97E21CA4A77008469D0 /* Base */ = {isa = PBXFileReference; lastKnownFileType = file.storyboard; name = Base; path = Base.lproj/LaunchScreen.storyboard; sourceTree = "<group>"; };
		BF0CC97F21CA4A77008469D0 /* AppDelegate.swift */ = {isa = PBXFileReference; fileEncoding = 4; lastKnownFileType = sourcecode.swift; path = AppDelegate.swift; sourceTree = "<group>"; };
		BF0CC98021CA4A77008469D0 /* Info.plist */ = {isa = PBXFileReference; fileEncoding = 4; lastKnownFileType = text.plist.xml; path = Info.plist; sourceTree = "<group>"; };
		BF0CC98821CA5591008469D0 /* UIDevice+Extension.swift */ = {isa = PBXFileReference; fileEncoding = 4; lastKnownFileType = sourcecode.swift; path = "UIDevice+Extension.swift"; sourceTree = "<group>"; };
		BF0CC98921CA5591008469D0 /* UIAlertController+Extension.swift */ = {isa = PBXFileReference; fileEncoding = 4; lastKnownFileType = sourcecode.swift; path = "UIAlertController+Extension.swift"; sourceTree = "<group>"; };
		BF0CC98A21CA5591008469D0 /* UIColor+Extension.swift */ = {isa = PBXFileReference; fileEncoding = 4; lastKnownFileType = sourcecode.swift; path = "UIColor+Extension.swift"; sourceTree = "<group>"; };
		BF0CC98B21CA5591008469D0 /* Date+Extension.swift */ = {isa = PBXFileReference; fileEncoding = 4; lastKnownFileType = sourcecode.swift; path = "Date+Extension.swift"; sourceTree = "<group>"; };
		BF0CC98C21CA5591008469D0 /* UILabel+Extension.swift */ = {isa = PBXFileReference; fileEncoding = 4; lastKnownFileType = sourcecode.swift; path = "UILabel+Extension.swift"; sourceTree = "<group>"; };
		BF0CC98D21CA5591008469D0 /* UIButton+Extension.swift */ = {isa = PBXFileReference; fileEncoding = 4; lastKnownFileType = sourcecode.swift; path = "UIButton+Extension.swift"; sourceTree = "<group>"; };
		BF0CC98E21CA5591008469D0 /* UIView+Extension.swift */ = {isa = PBXFileReference; fileEncoding = 4; lastKnownFileType = sourcecode.swift; path = "UIView+Extension.swift"; sourceTree = "<group>"; };
		BF0CC98F21CA5591008469D0 /* Bundle+Extension.swift */ = {isa = PBXFileReference; fileEncoding = 4; lastKnownFileType = sourcecode.swift; path = "Bundle+Extension.swift"; sourceTree = "<group>"; };
		BF0CC99021CA5591008469D0 /* Double+Extension.swift */ = {isa = PBXFileReference; fileEncoding = 4; lastKnownFileType = sourcecode.swift; path = "Double+Extension.swift"; sourceTree = "<group>"; };
		BF0CC99121CA5591008469D0 /* String+Extension.swift */ = {isa = PBXFileReference; fileEncoding = 4; lastKnownFileType = sourcecode.swift; path = "String+Extension.swift"; sourceTree = "<group>"; };
		BF0CC99221CA5591008469D0 /* UIScreen+Extension.swift */ = {isa = PBXFileReference; fileEncoding = 4; lastKnownFileType = sourcecode.swift; path = "UIScreen+Extension.swift"; sourceTree = "<group>"; };
		BF0CC99321CA5591008469D0 /* UICollectionView+Extension.swift */ = {isa = PBXFileReference; fileEncoding = 4; lastKnownFileType = sourcecode.swift; path = "UICollectionView+Extension.swift"; sourceTree = "<group>"; };
		BF0CC99421CA5591008469D0 /* UITextField+Extension.swift */ = {isa = PBXFileReference; fileEncoding = 4; lastKnownFileType = sourcecode.swift; path = "UITextField+Extension.swift"; sourceTree = "<group>"; };
		BF0CC99521CA5591008469D0 /* UITableView+Extension.swift */ = {isa = PBXFileReference; fileEncoding = 4; lastKnownFileType = sourcecode.swift; path = "UITableView+Extension.swift"; sourceTree = "<group>"; };
/* End PBXFileReference section */

/* Begin PBXFrameworksBuildPhase section */
		BF0CC90721C9FC62008469D0 /* Frameworks */ = {
			isa = PBXFrameworksBuildPhase;
			buildActionMask = 2147483647;
			files = (
			);
			runOnlyForDeploymentPostprocessing = 0;
		};
		BF0CC91B21C9FC63008469D0 /* Frameworks */ = {
			isa = PBXFrameworksBuildPhase;
			buildActionMask = 2147483647;
			files = (
			);
			runOnlyForDeploymentPostprocessing = 0;
		};
		BF0CC92621C9FC63008469D0 /* Frameworks */ = {
			isa = PBXFrameworksBuildPhase;
			buildActionMask = 2147483647;
			files = (
			);
			runOnlyForDeploymentPostprocessing = 0;
		};
/* End PBXFrameworksBuildPhase section */

/* Begin PBXGroup section */
		BF0CC90121C9FC62008469D0 = {
			isa = PBXGroup;
			children = (
				BF0CC97A21CA4A77008469D0 /* SupportingFile */,
				BF0CC90C21C9FC62008469D0 /* CRToolBox */,
				BF0CC92121C9FC63008469D0 /* CRToolBoxTests */,
				BF0CC92C21C9FC63008469D0 /* CRToolBoxUITests */,
				BF0CC90B21C9FC62008469D0 /* Products */,
			);
			sourceTree = "<group>";
		};
		BF0CC90B21C9FC62008469D0 /* Products */ = {
			isa = PBXGroup;
			children = (
				BF0CC90A21C9FC62008469D0 /* CRToolBox.app */,
				BF0CC91E21C9FC63008469D0 /* CRToolBoxTests.xctest */,
				BF0CC92921C9FC63008469D0 /* CRToolBoxUITests.xctest */,
			);
			name = Products;
			sourceTree = "<group>";
		};
		BF0CC90C21C9FC62008469D0 /* CRToolBox */ = {
			isa = PBXGroup;
			children = (
				BF0CC98721CA5591008469D0 /* ExtensionTools */,
			);
			path = CRToolBox;
			sourceTree = "<group>";
		};
		BF0CC92121C9FC63008469D0 /* CRToolBoxTests */ = {
			isa = PBXGroup;
			children = (
				BF0CC92221C9FC63008469D0 /* CRToolBoxTests.swift */,
				BF0CC92421C9FC63008469D0 /* Info.plist */,
			);
			path = CRToolBoxTests;
			sourceTree = "<group>";
		};
		BF0CC92C21C9FC63008469D0 /* CRToolBoxUITests */ = {
			isa = PBXGroup;
			children = (
				BF0CC92D21C9FC63008469D0 /* CRToolBoxUITests.swift */,
				BF0CC92F21C9FC63008469D0 /* Info.plist */,
			);
			path = CRToolBoxUITests;
			sourceTree = "<group>";
		};
		BF0CC97A21CA4A77008469D0 /* SupportingFile */ = {
			isa = PBXGroup;
			children = (
				BF0CC97B21CA4A77008469D0 /* ViewController.swift */,
				BF0CC97C21CA4A77008469D0 /* Assets.xcassets */,
				BF0CC97D21CA4A77008469D0 /* LaunchScreen.storyboard */,
				BF0CC97F21CA4A77008469D0 /* AppDelegate.swift */,
				BF0CC98021CA4A77008469D0 /* Info.plist */,
			);
			path = SupportingFile;
			sourceTree = SOURCE_ROOT;
		};
		BF0CC98721CA5591008469D0 /* ExtensionTools */ = {
			isa = PBXGroup;
			children = (
				BF0CC98821CA5591008469D0 /* UIDevice+Extension.swift */,
				BF0CC98921CA5591008469D0 /* UIAlertController+Extension.swift */,
				BF0CC98A21CA5591008469D0 /* UIColor+Extension.swift */,
				BF0CC98B21CA5591008469D0 /* Date+Extension.swift */,
				BF0CC98C21CA5591008469D0 /* UILabel+Extension.swift */,
				BF0CC98D21CA5591008469D0 /* UIButton+Extension.swift */,
				BF0CC98E21CA5591008469D0 /* UIView+Extension.swift */,
				BF0CC98F21CA5591008469D0 /* Bundle+Extension.swift */,
				BF0CC99021CA5591008469D0 /* Double+Extension.swift */,
				BF0CC99121CA5591008469D0 /* String+Extension.swift */,
				BF0CC99221CA5591008469D0 /* UIScreen+Extension.swift */,
				BF0CC99321CA5591008469D0 /* UICollectionView+Extension.swift */,
				BF0CC99421CA5591008469D0 /* UITextField+Extension.swift */,
				BF0CC99521CA5591008469D0 /* UITableView+Extension.swift */,
			);
			path = ExtensionTools;
			sourceTree = "<group>";
		};
/* End PBXGroup section */

/* Begin PBXNativeTarget section */
		BF0CC90921C9FC62008469D0 /* CRToolBox */ = {
			isa = PBXNativeTarget;
			buildConfigurationList = BF0CC93221C9FC63008469D0 /* Build configuration list for PBXNativeTarget "CRToolBox" */;
			buildPhases = (
				BF0CC90621C9FC62008469D0 /* Sources */,
				BF0CC90721C9FC62008469D0 /* Frameworks */,
				BF0CC90821C9FC62008469D0 /* Resources */,
			);
			buildRules = (
			);
			dependencies = (
			);
			name = CRToolBox;
			productName = CRToolBox;
			productReference = BF0CC90A21C9FC62008469D0 /* CRToolBox.app */;
			productType = "com.apple.product-type.application";
		};
		BF0CC91D21C9FC63008469D0 /* CRToolBoxTests */ = {
			isa = PBXNativeTarget;
			buildConfigurationList = BF0CC93521C9FC63008469D0 /* Build configuration list for PBXNativeTarget "CRToolBoxTests" */;
			buildPhases = (
				BF0CC91A21C9FC63008469D0 /* Sources */,
				BF0CC91B21C9FC63008469D0 /* Frameworks */,
				BF0CC91C21C9FC63008469D0 /* Resources */,
			);
			buildRules = (
			);
			dependencies = (
				BF0CC92021C9FC63008469D0 /* PBXTargetDependency */,
			);
			name = CRToolBoxTests;
			productName = CRToolBoxTests;
			productReference = BF0CC91E21C9FC63008469D0 /* CRToolBoxTests.xctest */;
			productType = "com.apple.product-type.bundle.unit-test";
		};
		BF0CC92821C9FC63008469D0 /* CRToolBoxUITests */ = {
			isa = PBXNativeTarget;
			buildConfigurationList = BF0CC93821C9FC63008469D0 /* Build configuration list for PBXNativeTarget "CRToolBoxUITests" */;
			buildPhases = (
				BF0CC92521C9FC63008469D0 /* Sources */,
				BF0CC92621C9FC63008469D0 /* Frameworks */,
				BF0CC92721C9FC63008469D0 /* Resources */,
			);
			buildRules = (
			);
			dependencies = (
				BF0CC92B21C9FC63008469D0 /* PBXTargetDependency */,
			);
			name = CRToolBoxUITests;
			productName = CRToolBoxUITests;
			productReference = BF0CC92921C9FC63008469D0 /* CRToolBoxUITests.xctest */;
			productType = "com.apple.product-type.bundle.ui-testing";
		};
/* End PBXNativeTarget section */

/* Begin PBXProject section */
		BF0CC90221C9FC62008469D0 /* Project object */ = {
			isa = PBXProject;
			attributes = {
				LastSwiftUpdateCheck = 1010;
				LastUpgradeCheck = 1010;
				ORGANIZATIONNAME = CR;
				TargetAttributes = {
					BF0CC90921C9FC62008469D0 = {
						CreatedOnToolsVersion = 10.1;
					};
					BF0CC91D21C9FC63008469D0 = {
						CreatedOnToolsVersion = 10.1;
						TestTargetID = BF0CC90921C9FC62008469D0;
					};
					BF0CC92821C9FC63008469D0 = {
						CreatedOnToolsVersion = 10.1;
						TestTargetID = BF0CC90921C9FC62008469D0;
					};
				};
			};
			buildConfigurationList = BF0CC90521C9FC62008469D0 /* Build configuration list for PBXProject "CRToolBox" */;
			compatibilityVersion = "Xcode 9.3";
			developmentRegion = en;
			hasScannedForEncodings = 0;
			knownRegions = (
				en,
				Base,
			);
			mainGroup = BF0CC90121C9FC62008469D0;
			productRefGroup = BF0CC90B21C9FC62008469D0 /* Products */;
			projectDirPath = "";
			projectRoot = "";
			targets = (
				BF0CC90921C9FC62008469D0 /* CRToolBox */,
				BF0CC91D21C9FC63008469D0 /* CRToolBoxTests */,
				BF0CC92821C9FC63008469D0 /* CRToolBoxUITests */,
			);
		};
/* End PBXProject section */

/* Begin PBXResourcesBuildPhase section */
		BF0CC90821C9FC62008469D0 /* Resources */ = {
			isa = PBXResourcesBuildPhase;
			buildActionMask = 2147483647;
			files = (
				BF0CC98221CA4A78008469D0 /* Assets.xcassets in Resources */,
				BF0CC98321CA4A78008469D0 /* LaunchScreen.storyboard in Resources */,
			);
			runOnlyForDeploymentPostprocessing = 0;
		};
		BF0CC91C21C9FC63008469D0 /* Resources */ = {
			isa = PBXResourcesBuildPhase;
			buildActionMask = 2147483647;
			files = (
			);
			runOnlyForDeploymentPostprocessing = 0;
		};
		BF0CC92721C9FC63008469D0 /* Resources */ = {
			isa = PBXResourcesBuildPhase;
			buildActionMask = 2147483647;
			files = (
			);
			runOnlyForDeploymentPostprocessing = 0;
		};
/* End PBXResourcesBuildPhase section */

/* Begin PBXSourcesBuildPhase section */
		BF0CC90621C9FC62008469D0 /* Sources */ = {
			isa = PBXSourcesBuildPhase;
			buildActionMask = 2147483647;
			files = (
				BF0CC9A221CA5591008469D0 /* UITextField+Extension.swift in Sources */,
				BF0CC98121CA4A78008469D0 /* ViewController.swift in Sources */,
				BF0CC99D21CA5591008469D0 /* Bundle+Extension.swift in Sources */,
				BF0CC99621CA5591008469D0 /* UIDevice+Extension.swift in Sources */,
				BF0CC99721CA5591008469D0 /* UIAlertController+Extension.swift in Sources */,
				BF0CC99F21CA5591008469D0 /* String+Extension.swift in Sources */,
				BF0CC99C21CA5591008469D0 /* UIView+Extension.swift in Sources */,
				BF0CC99E21CA5591008469D0 /* Double+Extension.swift in Sources */,
				BF0CC9A021CA5591008469D0 /* UIScreen+Extension.swift in Sources */,
				BF0CC9A121CA5591008469D0 /* UICollectionView+Extension.swift in Sources */,
				BF0CC99A21CA5591008469D0 /* UILabel+Extension.swift in Sources */,
				BF0CC98421CA4A78008469D0 /* AppDelegate.swift in Sources */,
				BF0CC99B21CA5591008469D0 /* UIButton+Extension.swift in Sources */,
				BF0CC99821CA5591008469D0 /* UIColor+Extension.swift in Sources */,
				BF0CC99921CA5591008469D0 /* Date+Extension.swift in Sources */,
				BF0CC9A321CA5591008469D0 /* UITableView+Extension.swift in Sources */,
			);
			runOnlyForDeploymentPostprocessing = 0;
		};
		BF0CC91A21C9FC63008469D0 /* Sources */ = {
			isa = PBXSourcesBuildPhase;
			buildActionMask = 2147483647;
			files = (
				BF0CC92321C9FC63008469D0 /* CRToolBoxTests.swift in Sources */,
			);
			runOnlyForDeploymentPostprocessing = 0;
		};
		BF0CC92521C9FC63008469D0 /* Sources */ = {
			isa = PBXSourcesBuildPhase;
			buildActionMask = 2147483647;
			files = (
				BF0CC92E21C9FC63008469D0 /* CRToolBoxUITests.swift in Sources */,
			);
			runOnlyForDeploymentPostprocessing = 0;
		};
/* End PBXSourcesBuildPhase section */

/* Begin PBXTargetDependency section */
		BF0CC92021C9FC63008469D0 /* PBXTargetDependency */ = {
			isa = PBXTargetDependency;
			target = BF0CC90921C9FC62008469D0 /* CRToolBox */;
			targetProxy = BF0CC91F21C9FC63008469D0 /* PBXContainerItemProxy */;
		};
		BF0CC92B21C9FC63008469D0 /* PBXTargetDependency */ = {
			isa = PBXTargetDependency;
			target = BF0CC90921C9FC62008469D0 /* CRToolBox */;
			targetProxy = BF0CC92A21C9FC63008469D0 /* PBXContainerItemProxy */;
		};
/* End PBXTargetDependency section */

/* Begin PBXVariantGroup section */
		BF0CC97D21CA4A77008469D0 /* LaunchScreen.storyboard */ = {
			isa = PBXVariantGroup;
			children = (
				BF0CC97E21CA4A77008469D0 /* Base */,
			);
			name = LaunchScreen.storyboard;
			sourceTree = "<group>";
		};
/* End PBXVariantGroup section */

/* Begin XCBuildConfiguration section */
		BF0CC93021C9FC63008469D0 /* Debug */ = {
			isa = XCBuildConfiguration;
			buildSettings = {
				ALWAYS_SEARCH_USER_PATHS = NO;
				CLANG_ANALYZER_NONNULL = YES;
				CLANG_ANALYZER_NUMBER_OBJECT_CONVERSION = YES_AGGRESSIVE;
				CLANG_CXX_LANGUAGE_STANDARD = "gnu++14";
				CLANG_CXX_LIBRARY = "libc++";
				CLANG_ENABLE_MODULES = YES;
				CLANG_ENABLE_OBJC_ARC = YES;
				CLANG_ENABLE_OBJC_WEAK = YES;
				CLANG_WARN_BLOCK_CAPTURE_AUTORELEASING = YES;
				CLANG_WARN_BOOL_CONVERSION = YES;
				CLANG_WARN_COMMA = YES;
				CLANG_WARN_CONSTANT_CONVERSION = YES;
				CLANG_WARN_DEPRECATED_OBJC_IMPLEMENTATIONS = YES;
				CLANG_WARN_DIRECT_OBJC_ISA_USAGE = YES_ERROR;
				CLANG_WARN_DOCUMENTATION_COMMENTS = YES;
				CLANG_WARN_EMPTY_BODY = YES;
				CLANG_WARN_ENUM_CONVERSION = YES;
				CLANG_WARN_INFINITE_RECURSION = YES;
				CLANG_WARN_INT_CONVERSION = YES;
				CLANG_WARN_NON_LITERAL_NULL_CONVERSION = YES;
				CLANG_WARN_OBJC_IMPLICIT_RETAIN_SELF = YES;
				CLANG_WARN_OBJC_LITERAL_CONVERSION = YES;
				CLANG_WARN_OBJC_ROOT_CLASS = YES_ERROR;
				CLANG_WARN_RANGE_LOOP_ANALYSIS = YES;
				CLANG_WARN_STRICT_PROTOTYPES = YES;
				CLANG_WARN_SUSPICIOUS_MOVE = YES;
				CLANG_WARN_UNGUARDED_AVAILABILITY = YES_AGGRESSIVE;
				CLANG_WARN_UNREACHABLE_CODE = YES;
				CLANG_WARN__DUPLICATE_METHOD_MATCH = YES;
				CODE_SIGN_IDENTITY = "iPhone Developer";
				COPY_PHASE_STRIP = NO;
				DEBUG_INFORMATION_FORMAT = dwarf;
				ENABLE_STRICT_OBJC_MSGSEND = YES;
				ENABLE_TESTABILITY = YES;
				GCC_C_LANGUAGE_STANDARD = gnu11;
				GCC_DYNAMIC_NO_PIC = NO;
				GCC_NO_COMMON_BLOCKS = YES;
				GCC_OPTIMIZATION_LEVEL = 0;
				GCC_PREPROCESSOR_DEFINITIONS = (
					"DEBUG=1",
					"$(inherited)",
				);
				GCC_WARN_64_TO_32_BIT_CONVERSION = YES;
				GCC_WARN_ABOUT_RETURN_TYPE = YES_ERROR;
				GCC_WARN_UNDECLARED_SELECTOR = YES;
				GCC_WARN_UNINITIALIZED_AUTOS = YES_AGGRESSIVE;
				GCC_WARN_UNUSED_FUNCTION = YES;
				GCC_WARN_UNUSED_VARIABLE = YES;
				IPHONEOS_DEPLOYMENT_TARGET = 12.1;
				MTL_ENABLE_DEBUG_INFO = INCLUDE_SOURCE;
				MTL_FAST_MATH = YES;
				ONLY_ACTIVE_ARCH = YES;
				SDKROOT = iphoneos;
				SWIFT_ACTIVE_COMPILATION_CONDITIONS = DEBUG;
				SWIFT_OPTIMIZATION_LEVEL = "-Onone";
			};
			name = Debug;
		};
		BF0CC93121C9FC63008469D0 /* Release */ = {
			isa = XCBuildConfiguration;
			buildSettings = {
				ALWAYS_SEARCH_USER_PATHS = NO;
				CLANG_ANALYZER_NONNULL = YES;
				CLANG_ANALYZER_NUMBER_OBJECT_CONVERSION = YES_AGGRESSIVE;
				CLANG_CXX_LANGUAGE_STANDARD = "gnu++14";
				CLANG_CXX_LIBRARY = "libc++";
				CLANG_ENABLE_MODULES = YES;
				CLANG_ENABLE_OBJC_ARC = YES;
				CLANG_ENABLE_OBJC_WEAK = YES;
				CLANG_WARN_BLOCK_CAPTURE_AUTORELEASING = YES;
				CLANG_WARN_BOOL_CONVERSION = YES;
				CLANG_WARN_COMMA = YES;
				CLANG_WARN_CONSTANT_CONVERSION = YES;
				CLANG_WARN_DEPRECATED_OBJC_IMPLEMENTATIONS = YES;
				CLANG_WARN_DIRECT_OBJC_ISA_USAGE = YES_ERROR;
				CLANG_WARN_DOCUMENTATION_COMMENTS = YES;
				CLANG_WARN_EMPTY_BODY = YES;
				CLANG_WARN_ENUM_CONVERSION = YES;
				CLANG_WARN_INFINITE_RECURSION = YES;
				CLANG_WARN_INT_CONVERSION = YES;
				CLANG_WARN_NON_LITERAL_NULL_CONVERSION = YES;
				CLANG_WARN_OBJC_IMPLICIT_RETAIN_SELF = YES;
				CLANG_WARN_OBJC_LITERAL_CONVERSION = YES;
				CLANG_WARN_OBJC_ROOT_CLASS = YES_ERROR;
				CLANG_WARN_RANGE_LOOP_ANALYSIS = YES;
				CLANG_WARN_STRICT_PROTOTYPES = YES;
				CLANG_WARN_SUSPICIOUS_MOVE = YES;
				CLANG_WARN_UNGUARDED_AVAILABILITY = YES_AGGRESSIVE;
				CLANG_WARN_UNREACHABLE_CODE = YES;
				CLANG_WARN__DUPLICATE_METHOD_MATCH = YES;
				CODE_SIGN_IDENTITY = "iPhone Developer";
				COPY_PHASE_STRIP = NO;
				DEBUG_INFORMATION_FORMAT = "dwarf-with-dsym";
				ENABLE_NS_ASSERTIONS = NO;
				ENABLE_STRICT_OBJC_MSGSEND = YES;
				GCC_C_LANGUAGE_STANDARD = gnu11;
				GCC_NO_COMMON_BLOCKS = YES;
				GCC_WARN_64_TO_32_BIT_CONVERSION = YES;
				GCC_WARN_ABOUT_RETURN_TYPE = YES_ERROR;
				GCC_WARN_UNDECLARED_SELECTOR = YES;
				GCC_WARN_UNINITIALIZED_AUTOS = YES_AGGRESSIVE;
				GCC_WARN_UNUSED_FUNCTION = YES;
				GCC_WARN_UNUSED_VARIABLE = YES;
				IPHONEOS_DEPLOYMENT_TARGET = 12.1;
				MTL_ENABLE_DEBUG_INFO = NO;
				MTL_FAST_MATH = YES;
				SDKROOT = iphoneos;
				SWIFT_COMPILATION_MODE = wholemodule;
				SWIFT_OPTIMIZATION_LEVEL = "-O";
				VALIDATE_PRODUCT = YES;
			};
			name = Release;
		};
		BF0CC93321C9FC63008469D0 /* Debug */ = {
			isa = XCBuildConfiguration;
			buildSettings = {
				ASSETCATALOG_COMPILER_APPICON_NAME = AppIcon;
				CODE_SIGN_STYLE = Automatic;
				DEVELOPMENT_TEAM = GZMNDHAF39;
				INFOPLIST_FILE = "$(SRCROOT)/SupportingFile/Info.plist";
				IPHONEOS_DEPLOYMENT_TARGET = 10.0;
				LD_RUNPATH_SEARCH_PATHS = (
					"$(inherited)",
					"@executable_path/Frameworks",
				);
				PRODUCT_BUNDLE_IDENTIFIER = cn.crios.CRToolBox;
				PRODUCT_NAME = "$(TARGET_NAME)";
				SWIFT_VERSION = 4.0;
				TARGETED_DEVICE_FAMILY = 1;
			};
			name = Debug;
		};
		BF0CC93421C9FC63008469D0 /* Release */ = {
			isa = XCBuildConfiguration;
			buildSettings = {
				ASSETCATALOG_COMPILER_APPICON_NAME = AppIcon;
				CODE_SIGN_STYLE = Automatic;
				DEVELOPMENT_TEAM = GZMNDHAF39;
				INFOPLIST_FILE = "$(SRCROOT)/SupportingFile/Info.plist";
				IPHONEOS_DEPLOYMENT_TARGET = 10.0;
				LD_RUNPATH_SEARCH_PATHS = (
					"$(inherited)",
					"@executable_path/Frameworks",
				);
				PRODUCT_BUNDLE_IDENTIFIER = cn.crios.CRToolBox;
				PRODUCT_NAME = "$(TARGET_NAME)";
				SWIFT_VERSION = 4.0;
				TARGETED_DEVICE_FAMILY = 1;
			};
			name = Release;
		};
		BF0CC93621C9FC63008469D0 /* Debug */ = {
			isa = XCBuildConfiguration;
			buildSettings = {
				ALWAYS_EMBED_SWIFT_STANDARD_LIBRARIES = YES;
				BUNDLE_LOADER = "$(TEST_HOST)";
				CODE_SIGN_STYLE = Automatic;
				DEVELOPMENT_TEAM = GZMNDHAF39;
				INFOPLIST_FILE = CRToolBoxTests/Info.plist;
				LD_RUNPATH_SEARCH_PATHS = (
					"$(inherited)",
					"@executable_path/Frameworks",
					"@loader_path/Frameworks",
				);
				PRODUCT_BUNDLE_IDENTIFIER = cn.crios.CRToolBoxTests;
				PRODUCT_NAME = "$(TARGET_NAME)";
				SWIFT_VERSION = 4.2;
				TARGETED_DEVICE_FAMILY = "1,2";
				TEST_HOST = "$(BUILT_PRODUCTS_DIR)/CRToolBox.app/CRToolBox";
			};
			name = Debug;
		};
		BF0CC93721C9FC63008469D0 /* Release */ = {
			isa = XCBuildConfiguration;
			buildSettings = {
				ALWAYS_EMBED_SWIFT_STANDARD_LIBRARIES = YES;
				BUNDLE_LOADER = "$(TEST_HOST)";
				CODE_SIGN_STYLE = Automatic;
				DEVELOPMENT_TEAM = GZMNDHAF39;
				INFOPLIST_FILE = CRToolBoxTests/Info.plist;
				LD_RUNPATH_SEARCH_PATHS = (
					"$(inherited)",
					"@executable_path/Frameworks",
					"@loader_path/Frameworks",
				);
				PRODUCT_BUNDLE_IDENTIFIER = cn.crios.CRToolBoxTests;
				PRODUCT_NAME = "$(TARGET_NAME)";
				SWIFT_VERSION = 4.2;
				TARGETED_DEVICE_FAMILY = "1,2";
				TEST_HOST = "$(BUILT_PRODUCTS_DIR)/CRToolBox.app/CRToolBox";
			};
			name = Release;
		};
		BF0CC93921C9FC63008469D0 /* Debug */ = {
			isa = XCBuildConfiguration;
			buildSettings = {
				ALWAYS_EMBED_SWIFT_STANDARD_LIBRARIES = YES;
				CODE_SIGN_STYLE = Automatic;
				DEVELOPMENT_TEAM = GZMNDHAF39;
				INFOPLIST_FILE = CRToolBoxUITests/Info.plist;
				LD_RUNPATH_SEARCH_PATHS = (
					"$(inherited)",
					"@executable_path/Frameworks",
					"@loader_path/Frameworks",
				);
				PRODUCT_BUNDLE_IDENTIFIER = cn.crios.CRToolBoxUITests;
				PRODUCT_NAME = "$(TARGET_NAME)";
				SWIFT_VERSION = 4.2;
				TARGETED_DEVICE_FAMILY = "1,2";
				TEST_TARGET_NAME = CRToolBox;
			};
			name = Debug;
		};
		BF0CC93A21C9FC63008469D0 /* Release */ = {
			isa = XCBuildConfiguration;
			buildSettings = {
				ALWAYS_EMBED_SWIFT_STANDARD_LIBRARIES = YES;
				CODE_SIGN_STYLE = Automatic;
				DEVELOPMENT_TEAM = GZMNDHAF39;
				INFOPLIST_FILE = CRToolBoxUITests/Info.plist;
				LD_RUNPATH_SEARCH_PATHS = (
					"$(inherited)",
					"@executable_path/Frameworks",
					"@loader_path/Frameworks",
				);
				PRODUCT_BUNDLE_IDENTIFIER = cn.crios.CRToolBoxUITests;
				PRODUCT_NAME = "$(TARGET_NAME)";
				SWIFT_VERSION = 4.2;
				TARGETED_DEVICE_FAMILY = "1,2";
				TEST_TARGET_NAME = CRToolBox;
			};
			name = Release;
		};
/* End XCBuildConfiguration section */

/* Begin XCConfigurationList section */
		BF0CC90521C9FC62008469D0 /* Build configuration list for PBXProject "CRToolBox" */ = {
			isa = XCConfigurationList;
			buildConfigurations = (
				BF0CC93021C9FC63008469D0 /* Debug */,
				BF0CC93121C9FC63008469D0 /* Release */,
			);
			defaultConfigurationIsVisible = 0;
			defaultConfigurationName = Release;
		};
		BF0CC93221C9FC63008469D0 /* Build configuration list for PBXNativeTarget "CRToolBox" */ = {
			isa = XCConfigurationList;
			buildConfigurations = (
				BF0CC93321C9FC63008469D0 /* Debug */,
				BF0CC93421C9FC63008469D0 /* Release */,
			);
			defaultConfigurationIsVisible = 0;
			defaultConfigurationName = Release;
		};
		BF0CC93521C9FC63008469D0 /* Build configuration list for PBXNativeTarget "CRToolBoxTests" */ = {
			isa = XCConfigurationList;
			buildConfigurations = (
				BF0CC93621C9FC63008469D0 /* Debug */,
				BF0CC93721C9FC63008469D0 /* Release */,
			);
			defaultConfigurationIsVisible = 0;
			defaultConfigurationName = Release;
		};
		BF0CC93821C9FC63008469D0 /* Build configuration list for PBXNativeTarget "CRToolBoxUITests" */ = {
			isa = XCConfigurationList;
			buildConfigurations = (
				BF0CC93921C9FC63008469D0 /* Debug */,
				BF0CC93A21C9FC63008469D0 /* Release */,
			);
			defaultConfigurationIsVisible = 0;
			defaultConfigurationName = Release;
		};
/* End XCConfigurationList section */
	};
	rootObject = BF0CC90221C9FC62008469D0 /* Project object */;
}
