// !$*UTF8*$!
{
	archiveVersion = 1;
	classes = {
	};
	objectVersion = 50;
	objects = {

/* Begin PBXBuildFile section */
		035A6DF7F7D309C362E0CE52B42C342E /* ViewController.swift in Sources */ = {isa = PBXBuildFile; fileRef = A9A48AB065FC541A3F13160F69103E19 /* ViewController.swift */; };
		1B8974BF1D4C1A739FCB7C729F741967 /* UIView+Extension.swift in Sources */ = {isa = PBXBuildFile; fileRef = 5194D927460244720B1B9CCCCBAFE9FA /* UIView+Extension.swift */; };
		1E78FF00E204E299C45991A1FD0FB053 /* LaunchScreen.storyboard in Resources */ = {isa = PBXBuildFile; fileRef = 844ABD43141BCEBE3CDD53A7E08BDA35 /* LaunchScreen.storyboard */; };
		31AA6D902F863FF45EC89780CF746DAB /* Bundle+Extension.swift in Sources */ = {isa = PBXBuildFile; fileRef = B96F2641FE3B1E4A61476DF04DEB3761 /* Bundle+Extension.swift */; };
		4B0E5B7F4AA52CB0B2534C58 /* Pods_CRToolBoxUITests.framework in Frameworks */ = {isa = PBXBuildFile; fileRef = AB1B0B97D82B671E1C3983C7 /* Pods_CRToolBoxUITests.framework */; };
		4F22EF8B45FECEAC8F54183B5EB45233 /* UIButton+Extension.swift in Sources */ = {isa = PBXBuildFile; fileRef = 91D44BF5B376676A18E84DBF0F26EEB8 /* UIButton+Extension.swift */; };
		5722152061BF930F07CCDC0300CE161D /* UITextField+Extension.swift in Sources */ = {isa = PBXBuildFile; fileRef = 9C7EB2A0599673B5FCB25439022354EE /* UITextField+Extension.swift */; };
		72E737AEDAF8104366C170B0AEB8DE13 /* UIColor+Extension.swift in Sources */ = {isa = PBXBuildFile; fileRef = C126F955D5D7F32010F6986C93FC3597 /* UIColor+Extension.swift */; };
		7E6862C27FED635196BBED422F556EBD /* UIDevice+Extension.swift in Sources */ = {isa = PBXBuildFile; fileRef = 6CF05890D8DFBF67386F06EE9EB31830 /* UIDevice+Extension.swift */; };
		8157C735B8E2ACCC28409763B683F9EF /* Date+Extension.swift in Sources */ = {isa = PBXBuildFile; fileRef = 1524B083689072C0C4FD6E8AE0E4B391 /* Date+Extension.swift */; };
		9F8ECE9B33470792676B1E6DC9700A44 /* UICollectionView+Extension.swift in Sources */ = {isa = PBXBuildFile; fileRef = 08781F8A220B75EC680C15C38FDB7409 /* UICollectionView+Extension.swift */; };
		B268D125A02D61152C41450739BB4AEE /* UIAlertController+Extension.swift in Sources */ = {isa = PBXBuildFile; fileRef = 392755583E74A4262A78A9FFC6AAF2C3 /* UIAlertController+Extension.swift */; };
		BD1114C7E3518B78A380A17FD8FDF040 /* CRToolBoxTests.swift in Sources */ = {isa = PBXBuildFile; fileRef = 093D2DECC7B536C8AF2C308C0CED1DA5 /* CRToolBoxTests.swift */; };
		BFC27BBE21E09FAD0048EBDA /* ObjectMapper_CacheManagerTools.swift in Sources */ = {isa = PBXBuildFile; fileRef = BFC27BBD21E09FAD0048EBDA /* ObjectMapper_CacheManagerTools.swift */; };
		CC7AD2F44E6C9272954CD476CF03F096 /* UILabel+Extension.swift in Sources */ = {isa = PBXBuildFile; fileRef = 3CC4D535F474FC08CDDE5C247B263122 /* UILabel+Extension.swift */; };
		CE8BA44EED455263BA3630EC41ADB50C /* String+Extension.swift in Sources */ = {isa = PBXBuildFile; fileRef = F831D391FCF6B7AEA3E0E91F22B83999 /* String+Extension.swift */; };
		D65C905391BCC06F010F9D27 /* Pods_CRToolBox.framework in Frameworks */ = {isa = PBXBuildFile; fileRef = 12677F853F0FFD4766425B5D /* Pods_CRToolBox.framework */; };
		E13E2759736AA69354C8D837A2465A61 /* UIScreen+Extension.swift in Sources */ = {isa = PBXBuildFile; fileRef = 31260FC7B3528652414A057A14CFC4B8 /* UIScreen+Extension.swift */; };
		E2350A4C7B3E372469F81FD9AAF1EC04 /* CRToolBoxUITests.swift in Sources */ = {isa = PBXBuildFile; fileRef = 1249048E4544C8B13AF45EB240D65E4F /* CRToolBoxUITests.swift */; };
		E7859584A98A06377ABE82D56EEE2943 /* Assets.xcassets in Resources */ = {isa = PBXBuildFile; fileRef = F589984EF62DBCEB3D52ECE35154059D /* Assets.xcassets */; };
		E7FB67E93BA75CD6F2A15F49 /* Pods_CRToolBoxTests.framework in Frameworks */ = {isa = PBXBuildFile; fileRef = 930BD6E14651E8E96BC4A51A /* Pods_CRToolBoxTests.framework */; };
		EDA4C4CE78079A4946FC225B25E255DB /* Double+Extension.swift in Sources */ = {isa = PBXBuildFile; fileRef = E83EC98413105D5F578A1F904CD8E5AB /* Double+Extension.swift */; };
		EFAFF35EEC338B77DDA457491A127B12 /* MoreTools.swift in Sources */ = {isa = PBXBuildFile; fileRef = C0D778DCB8777CA960D6003346FCA2B3 /* MoreTools.swift */; };
		EFD7E243BBF615E78375DACCAEB9B16D /* NSNumber+Extension.swift in Sources */ = {isa = PBXBuildFile; fileRef = 17E0299D48677324BF5996DB89848E24 /* NSNumber+Extension.swift */; };
		F563E7454D2BEAC45BC38366771D2B81 /* UITableView+Extension.swift in Sources */ = {isa = PBXBuildFile; fileRef = 5C28069CDFC6BEDE9D4CAAFB2FA0DD0E /* UITableView+Extension.swift */; };
		FA94053939E2E2F041CA7EBDF0F558F8 /* AppDelegate.swift in Sources */ = {isa = PBXBuildFile; fileRef = 0B5C038BE2AE422F399D178A33E7C399 /* AppDelegate.swift */; };
		FC44D4107EB43AC74A6DB96C46FAA6CA /* Common.swift in Sources */ = {isa = PBXBuildFile; fileRef = 0F35A8FAC6101F5B909F06DF6B07BBA9 /* Common.swift */; };
/* End PBXBuildFile section */

/* Begin PBXContainerItemProxy section */
		2472A2C62422E6F8669246EFE93961FC /* PBXContainerItemProxy */ = {
			isa = PBXContainerItemProxy;
			containerPortal = FD24553EEA1101A7FEF4463E74948D47 /* Project object */;
			proxyType = 1;
			remoteGlobalIDString = DD6DEE83C5B2340928B1BB8798E7BE64;
			remoteInfo = CRToolBox;
		};
		8099B22C4A5740939C04D1BFE363EC7A /* PBXContainerItemProxy */ = {
			isa = PBXContainerItemProxy;
			containerPortal = FD24553EEA1101A7FEF4463E74948D47 /* Project object */;
			proxyType = 1;
			remoteGlobalIDString = DD6DEE83C5B2340928B1BB8798E7BE64;
			remoteInfo = CRToolBox;
		};
/* End PBXContainerItemProxy section */

/* Begin PBXFileReference section */
		08781F8A220B75EC680C15C38FDB7409 /* UICollectionView+Extension.swift */ = {isa = PBXFileReference; fileEncoding = 4; lastKnownFileType = sourcecode.swift; path = "UICollectionView+Extension.swift"; sourceTree = "<group>"; };
		093D2DECC7B536C8AF2C308C0CED1DA5 /* CRToolBoxTests.swift */ = {isa = PBXFileReference; lastKnownFileType = sourcecode.swift; path = CRToolBoxTests.swift; sourceTree = "<group>"; };
		0B3C0C3C793CF2F3651DCD4A /* Pods-CRToolBoxUITests.release.xcconfig */ = {isa = PBXFileReference; includeInIndex = 1; lastKnownFileType = text.xcconfig; name = "Pods-CRToolBoxUITests.release.xcconfig"; path = "Pods/Target Support Files/Pods-CRToolBoxUITests/Pods-CRToolBoxUITests.release.xcconfig"; sourceTree = "<group>"; };
		0B5C038BE2AE422F399D178A33E7C399 /* AppDelegate.swift */ = {isa = PBXFileReference; fileEncoding = 4; lastKnownFileType = sourcecode.swift; path = AppDelegate.swift; sourceTree = "<group>"; };
		0F35A8FAC6101F5B909F06DF6B07BBA9 /* Common.swift */ = {isa = PBXFileReference; lastKnownFileType = sourcecode.swift; path = Common.swift; sourceTree = "<group>"; };
		1249048E4544C8B13AF45EB240D65E4F /* CRToolBoxUITests.swift */ = {isa = PBXFileReference; lastKnownFileType = sourcecode.swift; path = CRToolBoxUITests.swift; sourceTree = "<group>"; };
		12677F853F0FFD4766425B5D /* Pods_CRToolBox.framework */ = {isa = PBXFileReference; explicitFileType = wrapper.framework; includeInIndex = 0; path = Pods_CRToolBox.framework; sourceTree = BUILT_PRODUCTS_DIR; };
		1524B083689072C0C4FD6E8AE0E4B391 /* Date+Extension.swift */ = {isa = PBXFileReference; fileEncoding = 4; lastKnownFileType = sourcecode.swift; path = "Date+Extension.swift"; sourceTree = "<group>"; };
		17E0299D48677324BF5996DB89848E24 /* NSNumber+Extension.swift */ = {isa = PBXFileReference; lastKnownFileType = sourcecode.swift; path = "NSNumber+Extension.swift"; sourceTree = "<group>"; };
		20823677E6BC5E9DCBE0775C0BE2AD01 /* Info.plist */ = {isa = PBXFileReference; lastKnownFileType = text.plist.xml; path = Info.plist; sourceTree = "<group>"; };
		2D90C483BB63DF7821E0E18F /* Pods-CRToolBoxUITests.debug.xcconfig */ = {isa = PBXFileReference; includeInIndex = 1; lastKnownFileType = text.xcconfig; name = "Pods-CRToolBoxUITests.debug.xcconfig"; path = "Pods/Target Support Files/Pods-CRToolBoxUITests/Pods-CRToolBoxUITests.debug.xcconfig"; sourceTree = "<group>"; };
		2FB530A0BE5E8A091AED04339AD133F5 /* CRToolBoxTests.xctest */ = {isa = PBXFileReference; explicitFileType = wrapper.cfbundle; includeInIndex = 0; path = CRToolBoxTests.xctest; sourceTree = BUILT_PRODUCTS_DIR; };
		3043209E81B3CB96AC1F866688893B8F /* CRToolBox.app */ = {isa = PBXFileReference; explicitFileType = wrapper.application; includeInIndex = 0; path = CRToolBox.app; sourceTree = BUILT_PRODUCTS_DIR; };
		31260FC7B3528652414A057A14CFC4B8 /* UIScreen+Extension.swift */ = {isa = PBXFileReference; fileEncoding = 4; lastKnownFileType = sourcecode.swift; path = "UIScreen+Extension.swift"; sourceTree = "<group>"; };
		392755583E74A4262A78A9FFC6AAF2C3 /* UIAlertController+Extension.swift */ = {isa = PBXFileReference; fileEncoding = 4; lastKnownFileType = sourcecode.swift; path = "UIAlertController+Extension.swift"; sourceTree = "<group>"; };
		3CC4D535F474FC08CDDE5C247B263122 /* UILabel+Extension.swift */ = {isa = PBXFileReference; fileEncoding = 4; lastKnownFileType = sourcecode.swift; path = "UILabel+Extension.swift"; sourceTree = "<group>"; };
		40DEEF48D187222CFE5BE99E00624CF4 /* Base */ = {isa = PBXFileReference; lastKnownFileType = file.storyboard; name = Base; path = Base.lproj/LaunchScreen.storyboard; sourceTree = "<group>"; };
		5194D927460244720B1B9CCCCBAFE9FA /* UIView+Extension.swift */ = {isa = PBXFileReference; fileEncoding = 4; lastKnownFileType = sourcecode.swift; path = "UIView+Extension.swift"; sourceTree = "<group>"; };
		5AA8E30D7C1126A1D7C121A99DB32E7F /* CRToolBoxUITests.xctest */ = {isa = PBXFileReference; explicitFileType = wrapper.cfbundle; includeInIndex = 0; path = CRToolBoxUITests.xctest; sourceTree = BUILT_PRODUCTS_DIR; };
		5C28069CDFC6BEDE9D4CAAFB2FA0DD0E /* UITableView+Extension.swift */ = {isa = PBXFileReference; fileEncoding = 4; lastKnownFileType = sourcecode.swift; path = "UITableView+Extension.swift"; sourceTree = "<group>"; };
		6CF05890D8DFBF67386F06EE9EB31830 /* UIDevice+Extension.swift */ = {isa = PBXFileReference; fileEncoding = 4; lastKnownFileType = sourcecode.swift; path = "UIDevice+Extension.swift"; sourceTree = "<group>"; };
		7EB6227E894D5F4228F29EFF /* Pods-CRToolBoxTests.release.xcconfig */ = {isa = PBXFileReference; includeInIndex = 1; lastKnownFileType = text.xcconfig; name = "Pods-CRToolBoxTests.release.xcconfig"; path = "Pods/Target Support Files/Pods-CRToolBoxTests/Pods-CRToolBoxTests.release.xcconfig"; sourceTree = "<group>"; };
		82C182B9C1ED7768C28BAC20 /* Pods-CRToolBox.debug.xcconfig */ = {isa = PBXFileReference; includeInIndex = 1; lastKnownFileType = text.xcconfig; name = "Pods-CRToolBox.debug.xcconfig"; path = "Pods/Target Support Files/Pods-CRToolBox/Pods-CRToolBox.debug.xcconfig"; sourceTree = "<group>"; };
		91D44BF5B376676A18E84DBF0F26EEB8 /* UIButton+Extension.swift */ = {isa = PBXFileReference; fileEncoding = 4; lastKnownFileType = sourcecode.swift; path = "UIButton+Extension.swift"; sourceTree = "<group>"; };
		930BD6E14651E8E96BC4A51A /* Pods_CRToolBoxTests.framework */ = {isa = PBXFileReference; explicitFileType = wrapper.framework; includeInIndex = 0; path = Pods_CRToolBoxTests.framework; sourceTree = BUILT_PRODUCTS_DIR; };
		9B5AF5FC15FA7BFABF6E276C /* Pods-CRToolBox.release.xcconfig */ = {isa = PBXFileReference; includeInIndex = 1; lastKnownFileType = text.xcconfig; name = "Pods-CRToolBox.release.xcconfig"; path = "Pods/Target Support Files/Pods-CRToolBox/Pods-CRToolBox.release.xcconfig"; sourceTree = "<group>"; };
		9C7EB2A0599673B5FCB25439022354EE /* UITextField+Extension.swift */ = {isa = PBXFileReference; fileEncoding = 4; lastKnownFileType = sourcecode.swift; path = "UITextField+Extension.swift"; sourceTree = "<group>"; };
		A9A48AB065FC541A3F13160F69103E19 /* ViewController.swift */ = {isa = PBXFileReference; fileEncoding = 4; lastKnownFileType = sourcecode.swift; path = ViewController.swift; sourceTree = "<group>"; };
		AB1B0B97D82B671E1C3983C7 /* Pods_CRToolBoxUITests.framework */ = {isa = PBXFileReference; explicitFileType = wrapper.framework; includeInIndex = 0; path = Pods_CRToolBoxUITests.framework; sourceTree = BUILT_PRODUCTS_DIR; };
		B6A15DECAD16171F044A337D965A6321 /* Info.plist */ = {isa = PBXFileReference; fileEncoding = 4; lastKnownFileType = text.plist.xml; path = Info.plist; sourceTree = "<group>"; };
		B96F2641FE3B1E4A61476DF04DEB3761 /* Bundle+Extension.swift */ = {isa = PBXFileReference; fileEncoding = 4; lastKnownFileType = sourcecode.swift; path = "Bundle+Extension.swift"; sourceTree = "<group>"; };
		BFC27BBD21E09FAD0048EBDA /* ObjectMapper_CacheManagerTools.swift */ = {isa = PBXFileReference; lastKnownFileType = sourcecode.swift; path = ObjectMapper_CacheManagerTools.swift; sourceTree = "<group>"; };
		C0D778DCB8777CA960D6003346FCA2B3 /* MoreTools.swift */ = {isa = PBXFileReference; lastKnownFileType = sourcecode.swift; path = MoreTools.swift; sourceTree = "<group>"; };
		C126F955D5D7F32010F6986C93FC3597 /* UIColor+Extension.swift */ = {isa = PBXFileReference; fileEncoding = 4; lastKnownFileType = sourcecode.swift; path = "UIColor+Extension.swift"; sourceTree = "<group>"; };
		E83EC98413105D5F578A1F904CD8E5AB /* Double+Extension.swift */ = {isa = PBXFileReference; fileEncoding = 4; lastKnownFileType = sourcecode.swift; path = "Double+Extension.swift"; sourceTree = "<group>"; };
		E9E801ED9BA1EC86BD76C8B9B56B2386 /* Info.plist */ = {isa = PBXFileReference; lastKnownFileType = text.plist.xml; path = Info.plist; sourceTree = "<group>"; };
		F589984EF62DBCEB3D52ECE35154059D /* Assets.xcassets */ = {isa = PBXFileReference; lastKnownFileType = folder.assetcatalog; path = Assets.xcassets; sourceTree = "<group>"; };
		F831D391FCF6B7AEA3E0E91F22B83999 /* String+Extension.swift */ = {isa = PBXFileReference; fileEncoding = 4; lastKnownFileType = sourcecode.swift; path = "String+Extension.swift"; sourceTree = "<group>"; };
		F9CC4D525E9EB3A6A1EBE524 /* Pods-CRToolBoxTests.debug.xcconfig */ = {isa = PBXFileReference; includeInIndex = 1; lastKnownFileType = text.xcconfig; name = "Pods-CRToolBoxTests.debug.xcconfig"; path = "Pods/Target Support Files/Pods-CRToolBoxTests/Pods-CRToolBoxTests.debug.xcconfig"; sourceTree = "<group>"; };
/* End PBXFileReference section */

/* Begin PBXFrameworksBuildPhase section */
		4693569470CF9A89A57CC7681DE868B1 /* Frameworks */ = {
			isa = PBXFrameworksBuildPhase;
			buildActionMask = 2147483647;
			files = (
				E7FB67E93BA75CD6F2A15F49 /* Pods_CRToolBoxTests.framework in Frameworks */,
			);
			runOnlyForDeploymentPostprocessing = 0;
		};
		ED1C521362AA91759580D2800EACF794 /* Frameworks */ = {
			isa = PBXFrameworksBuildPhase;
			buildActionMask = 2147483647;
			files = (
				4B0E5B7F4AA52CB0B2534C58 /* Pods_CRToolBoxUITests.framework in Frameworks */,
			);
			runOnlyForDeploymentPostprocessing = 0;
		};
		F32456ADA40157CB0C018395F472F8F3 /* Frameworks */ = {
			isa = PBXFrameworksBuildPhase;
			buildActionMask = 2147483647;
			files = (
				D65C905391BCC06F010F9D27 /* Pods_CRToolBox.framework in Frameworks */,
			);
			runOnlyForDeploymentPostprocessing = 0;
		};
/* End PBXFrameworksBuildPhase section */

/* Begin PBXGroup section */
		0744BFD840237CD26AEC3D4564FCE61F /* SupportingFile */ = {
			isa = PBXGroup;
			children = (
				0B5C038BE2AE422F399D178A33E7C399 /* AppDelegate.swift */,
				F589984EF62DBCEB3D52ECE35154059D /* Assets.xcassets */,
				B6A15DECAD16171F044A337D965A6321 /* Info.plist */,
				844ABD43141BCEBE3CDD53A7E08BDA35 /* LaunchScreen.storyboard */,
				A9A48AB065FC541A3F13160F69103E19 /* ViewController.swift */,
			);
			path = SupportingFile;
			sourceTree = SOURCE_ROOT;
		};
		1343A3DB3BA2080E40FC8AE4 /* Pods */ = {
			isa = PBXGroup;
			children = (
				82C182B9C1ED7768C28BAC20 /* Pods-CRToolBox.debug.xcconfig */,
				9B5AF5FC15FA7BFABF6E276C /* Pods-CRToolBox.release.xcconfig */,
				F9CC4D525E9EB3A6A1EBE524 /* Pods-CRToolBoxTests.debug.xcconfig */,
				7EB6227E894D5F4228F29EFF /* Pods-CRToolBoxTests.release.xcconfig */,
				2D90C483BB63DF7821E0E18F /* Pods-CRToolBoxUITests.debug.xcconfig */,
				0B3C0C3C793CF2F3651DCD4A /* Pods-CRToolBoxUITests.release.xcconfig */,
			);
			name = Pods;
			sourceTree = "<group>";
		};
		5A67E1E646B27C1E2F52196A /* Frameworks */ = {
			isa = PBXGroup;
			children = (
				12677F853F0FFD4766425B5D /* Pods_CRToolBox.framework */,
				930BD6E14651E8E96BC4A51A /* Pods_CRToolBoxTests.framework */,
				AB1B0B97D82B671E1C3983C7 /* Pods_CRToolBoxUITests.framework */,
			);
			name = Frameworks;
			sourceTree = "<group>";
		};
		7D8EF0B32B8D4468E9ECE21B6DADDAF4 = {
			isa = PBXGroup;
			children = (
				97A348847525B2C23282B40C3AD406CE /* CRToolBox */,
				9A3ACDF49626184BEBF54C88B58E41DB /* CRToolBoxTests */,
				CF6C5A815415AC5E3D463BF7B345D2F9 /* CRToolBoxUITests */,
				EF6E2788DCC2DD7508F1A245C11D71B3 /* Products */,
				0744BFD840237CD26AEC3D4564FCE61F /* SupportingFile */,
				1343A3DB3BA2080E40FC8AE4 /* Pods */,
				5A67E1E646B27C1E2F52196A /* Frameworks */,
			);
			sourceTree = "<group>";
		};
		97A348847525B2C23282B40C3AD406CE /* CRToolBox */ = {
			isa = PBXGroup;
			children = (
				BFC27BBC21E09F580048EBDA /* ObjectMapperTools */,
				B541789CE9DB4507C0CC84BAD06CEB2B /* ExtensionTools */,
				B8795C5CB084298D0FF81F7233FD582F /* MoreTools */,
			);
			path = CRToolBox;
			sourceTree = "<group>";
		};
		9A3ACDF49626184BEBF54C88B58E41DB /* CRToolBoxTests */ = {
			isa = PBXGroup;
			children = (
				093D2DECC7B536C8AF2C308C0CED1DA5 /* CRToolBoxTests.swift */,
				20823677E6BC5E9DCBE0775C0BE2AD01 /* Info.plist */,
			);
			path = CRToolBoxTests;
			sourceTree = "<group>";
		};
		B541789CE9DB4507C0CC84BAD06CEB2B /* ExtensionTools */ = {
			isa = PBXGroup;
			children = (
				B96F2641FE3B1E4A61476DF04DEB3761 /* Bundle+Extension.swift */,
				0F35A8FAC6101F5B909F06DF6B07BBA9 /* Common.swift */,
				1524B083689072C0C4FD6E8AE0E4B391 /* Date+Extension.swift */,
				E83EC98413105D5F578A1F904CD8E5AB /* Double+Extension.swift */,
				17E0299D48677324BF5996DB89848E24 /* NSNumber+Extension.swift */,
				F831D391FCF6B7AEA3E0E91F22B83999 /* String+Extension.swift */,
				392755583E74A4262A78A9FFC6AAF2C3 /* UIAlertController+Extension.swift */,
				91D44BF5B376676A18E84DBF0F26EEB8 /* UIButton+Extension.swift */,
				08781F8A220B75EC680C15C38FDB7409 /* UICollectionView+Extension.swift */,
				C126F955D5D7F32010F6986C93FC3597 /* UIColor+Extension.swift */,
				6CF05890D8DFBF67386F06EE9EB31830 /* UIDevice+Extension.swift */,
				3CC4D535F474FC08CDDE5C247B263122 /* UILabel+Extension.swift */,
				31260FC7B3528652414A057A14CFC4B8 /* UIScreen+Extension.swift */,
				5C28069CDFC6BEDE9D4CAAFB2FA0DD0E /* UITableView+Extension.swift */,
				9C7EB2A0599673B5FCB25439022354EE /* UITextField+Extension.swift */,
				5194D927460244720B1B9CCCCBAFE9FA /* UIView+Extension.swift */,
			);
			path = ExtensionTools;
			sourceTree = "<group>";
		};
		B8795C5CB084298D0FF81F7233FD582F /* MoreTools */ = {
			isa = PBXGroup;
			children = (
				C0D778DCB8777CA960D6003346FCA2B3 /* MoreTools.swift */,
			);
			path = MoreTools;
			sourceTree = "<group>";
		};
		BFC27BBC21E09F580048EBDA /* ObjectMapperTools */ = {
			isa = PBXGroup;
			children = (
				BFC27BBD21E09FAD0048EBDA /* ObjectMapper_CacheManagerTools.swift */,
			);
			path = ObjectMapperTools;
			sourceTree = "<group>";
		};
		CF6C5A815415AC5E3D463BF7B345D2F9 /* CRToolBoxUITests */ = {
			isa = PBXGroup;
			children = (
				1249048E4544C8B13AF45EB240D65E4F /* CRToolBoxUITests.swift */,
				E9E801ED9BA1EC86BD76C8B9B56B2386 /* Info.plist */,
			);
			path = CRToolBoxUITests;
			sourceTree = "<group>";
		};
		EF6E2788DCC2DD7508F1A245C11D71B3 /* Products */ = {
			isa = PBXGroup;
			children = (
				3043209E81B3CB96AC1F866688893B8F /* CRToolBox.app */,
				2FB530A0BE5E8A091AED04339AD133F5 /* CRToolBoxTests.xctest */,
				5AA8E30D7C1126A1D7C121A99DB32E7F /* CRToolBoxUITests.xctest */,
			);
			name = Products;
			sourceTree = "<group>";
		};
/* End PBXGroup section */

/* Begin PBXNativeTarget section */
		D22CEE3D110549FBF4631B2E88614FCA /* CRToolBoxTests */ = {
			isa = PBXNativeTarget;
			buildConfigurationList = 534A0B2960D682A9D729A4ED64E2506C /* Build configuration list for PBXNativeTarget "CRToolBoxTests" */;
			buildPhases = (
				1705927A8D2DB78A13B42A0A /* [CP] Check Pods Manifest.lock */,
				DA6D207BF99BFE4F8C52C250C8D135BD /* Sources */,
				4693569470CF9A89A57CC7681DE868B1 /* Frameworks */,
				5B0EDBDF8468266013143BEB1BF68713 /* Resources */,
			);
			buildRules = (
			);
			dependencies = (
				E832593284DF4B211DF4804296635F19 /* PBXTargetDependency */,
			);
			name = CRToolBoxTests;
			productName = CRToolBoxTests;
			productReference = 2FB530A0BE5E8A091AED04339AD133F5 /* CRToolBoxTests.xctest */;
			productType = "com.apple.product-type.bundle.unit-test";
		};
		DD6DEE83C5B2340928B1BB8798E7BE64 /* CRToolBox */ = {
			isa = PBXNativeTarget;
			buildConfigurationList = BE324A64D653DF1ED45208603ADB954F /* Build configuration list for PBXNativeTarget "CRToolBox" */;
			buildPhases = (
				6A81A433FDEE75BFD30C690A /* [CP] Check Pods Manifest.lock */,
				BD8BB4A82DA374FB1E3611655B242E3A /* Sources */,
				F32456ADA40157CB0C018395F472F8F3 /* Frameworks */,
				68617DE2825DF18F47FFBB49966BB4D3 /* Resources */,
				08A34280A7AC9A34D0E65E19 /* [CP] Embed Pods Frameworks */,
			);
			buildRules = (
			);
			dependencies = (
			);
			name = CRToolBox;
			productName = CRToolBox;
			productReference = 3043209E81B3CB96AC1F866688893B8F /* CRToolBox.app */;
			productType = "com.apple.product-type.application";
		};
		FC06C5D990E092C4A34FA180D40C4DCC /* CRToolBoxUITests */ = {
			isa = PBXNativeTarget;
			buildConfigurationList = 30EF1B551874385E1816F18F896080AF /* Build configuration list for PBXNativeTarget "CRToolBoxUITests" */;
			buildPhases = (
				89C905146A5D8BCEAC21A6E0 /* [CP] Check Pods Manifest.lock */,
				36088A27FFFC1347F230F25385CC33AB /* Sources */,
				ED1C521362AA91759580D2800EACF794 /* Frameworks */,
				0F59AA46EF3CEC6F469B6133DAC724B3 /* Resources */,
			);
			buildRules = (
			);
			dependencies = (
				11482BACC9FFC6B633442828A14EBF29 /* PBXTargetDependency */,
			);
			name = CRToolBoxUITests;
			productName = CRToolBoxUITests;
			productReference = 5AA8E30D7C1126A1D7C121A99DB32E7F /* CRToolBoxUITests.xctest */;
			productType = "com.apple.product-type.bundle.ui-testing";
		};
/* End PBXNativeTarget section */

/* Begin PBXProject section */
		FD24553EEA1101A7FEF4463E74948D47 /* Project object */ = {
			isa = PBXProject;
			attributes = {
				LastSwiftUpdateCheck = 1010;
				LastUpgradeCheck = 1010;
				ORGANIZATIONNAME = CR;
				TargetAttributes = {
					D22CEE3D110549FBF4631B2E88614FCA = {
						CreatedOnToolsVersion = 10.1;
						TestTargetID = DD6DEE83C5B2340928B1BB8798E7BE64;
					};
					DD6DEE83C5B2340928B1BB8798E7BE64 = {
						CreatedOnToolsVersion = 10.1;
					};
					FC06C5D990E092C4A34FA180D40C4DCC = {
						CreatedOnToolsVersion = 10.1;
						TestTargetID = DD6DEE83C5B2340928B1BB8798E7BE64;
					};
				};
			};
			buildConfigurationList = 6E5FD8BAF39E35E5D8DCE9F6684F38AB /* Build configuration list for PBXProject "CRToolBox" */;
			compatibilityVersion = "Xcode 9.3";
			developmentRegion = en;
			hasScannedForEncodings = 0;
			knownRegions = (
				en,
				Base,
			);
			mainGroup = 7D8EF0B32B8D4468E9ECE21B6DADDAF4;
			productRefGroup = EF6E2788DCC2DD7508F1A245C11D71B3 /* Products */;
			projectDirPath = "";
			projectRoot = "";
			targets = (
				DD6DEE83C5B2340928B1BB8798E7BE64 /* CRToolBox */,
				D22CEE3D110549FBF4631B2E88614FCA /* CRToolBoxTests */,
				FC06C5D990E092C4A34FA180D40C4DCC /* CRToolBoxUITests */,
			);
		};
/* End PBXProject section */

/* Begin PBXResourcesBuildPhase section */
		0F59AA46EF3CEC6F469B6133DAC724B3 /* Resources */ = {
			isa = PBXResourcesBuildPhase;
			buildActionMask = 2147483647;
			files = (
			);
			runOnlyForDeploymentPostprocessing = 0;
		};
		5B0EDBDF8468266013143BEB1BF68713 /* Resources */ = {
			isa = PBXResourcesBuildPhase;
			buildActionMask = 2147483647;
			files = (
			);
			runOnlyForDeploymentPostprocessing = 0;
		};
		68617DE2825DF18F47FFBB49966BB4D3 /* Resources */ = {
			isa = PBXResourcesBuildPhase;
			buildActionMask = 2147483647;
			files = (
				E7859584A98A06377ABE82D56EEE2943 /* Assets.xcassets in Resources */,
				1E78FF00E204E299C45991A1FD0FB053 /* LaunchScreen.storyboard in Resources */,
			);
			runOnlyForDeploymentPostprocessing = 0;
		};
/* End PBXResourcesBuildPhase section */

/* Begin PBXShellScriptBuildPhase section */
		08A34280A7AC9A34D0E65E19 /* [CP] Embed Pods Frameworks */ = {
			isa = PBXShellScriptBuildPhase;
			buildActionMask = 2147483647;
			files = (
			);
			inputFileListPaths = (
			);
			inputPaths = (
				"${SRCROOT}/Pods/Target Support Files/Pods-CRToolBox/Pods-CRToolBox-frameworks.sh",
				"${BUILT_PRODUCTS_DIR}/ObjectMapper/ObjectMapper.framework",
			);
			name = "[CP] Embed Pods Frameworks";
			outputFileListPaths = (
			);
			outputPaths = (
				"${TARGET_BUILD_DIR}/${FRAMEWORKS_FOLDER_PATH}/ObjectMapper.framework",
			);
			runOnlyForDeploymentPostprocessing = 0;
			shellPath = /bin/sh;
			shellScript = "\"${SRCROOT}/Pods/Target Support Files/Pods-CRToolBox/Pods-CRToolBox-frameworks.sh\"\n";
			showEnvVarsInLog = 0;
		};
		1705927A8D2DB78A13B42A0A /* [CP] Check Pods Manifest.lock */ = {
			isa = PBXShellScriptBuildPhase;
			buildActionMask = 2147483647;
			files = (
			);
			inputFileListPaths = (
			);
			inputPaths = (
				"${PODS_PODFILE_DIR_PATH}/Podfile.lock",
				"${PODS_ROOT}/Manifest.lock",
			);
			name = "[CP] Check Pods Manifest.lock";
			outputFileListPaths = (
			);
			outputPaths = (
				"$(DERIVED_FILE_DIR)/Pods-CRToolBoxTests-checkManifestLockResult.txt",
			);
			runOnlyForDeploymentPostprocessing = 0;
			shellPath = /bin/sh;
			shellScript = "diff \"${PODS_PODFILE_DIR_PATH}/Podfile.lock\" \"${PODS_ROOT}/Manifest.lock\" > /dev/null\nif [ $? != 0 ] ; then\n    # print error to STDERR\n    echo \"error: The sandbox is not in sync with the Podfile.lock. Run 'pod install' or update your CocoaPods installation.\" >&2\n    exit 1\nfi\n# This output is used by Xcode 'outputs' to avoid re-running this script phase.\necho \"SUCCESS\" > \"${SCRIPT_OUTPUT_FILE_0}\"\n";
			showEnvVarsInLog = 0;
		};
		6A81A433FDEE75BFD30C690A /* [CP] Check Pods Manifest.lock */ = {
			isa = PBXShellScriptBuildPhase;
			buildActionMask = 2147483647;
			files = (
			);
			inputFileListPaths = (
			);
			inputPaths = (
				"${PODS_PODFILE_DIR_PATH}/Podfile.lock",
				"${PODS_ROOT}/Manifest.lock",
			);
			name = "[CP] Check Pods Manifest.lock";
			outputFileListPaths = (
			);
			outputPaths = (
				"$(DERIVED_FILE_DIR)/Pods-CRToolBox-checkManifestLockResult.txt",
			);
			runOnlyForDeploymentPostprocessing = 0;
			shellPath = /bin/sh;
			shellScript = "diff \"${PODS_PODFILE_DIR_PATH}/Podfile.lock\" \"${PODS_ROOT}/Manifest.lock\" > /dev/null\nif [ $? != 0 ] ; then\n    # print error to STDERR\n    echo \"error: The sandbox is not in sync with the Podfile.lock. Run 'pod install' or update your CocoaPods installation.\" >&2\n    exit 1\nfi\n# This output is used by Xcode 'outputs' to avoid re-running this script phase.\necho \"SUCCESS\" > \"${SCRIPT_OUTPUT_FILE_0}\"\n";
			showEnvVarsInLog = 0;
		};
		89C905146A5D8BCEAC21A6E0 /* [CP] Check Pods Manifest.lock */ = {
			isa = PBXShellScriptBuildPhase;
			buildActionMask = 2147483647;
			files = (
			);
			inputFileListPaths = (
			);
			inputPaths = (
				"${PODS_PODFILE_DIR_PATH}/Podfile.lock",
				"${PODS_ROOT}/Manifest.lock",
			);
			name = "[CP] Check Pods Manifest.lock";
			outputFileListPaths = (
			);
			outputPaths = (
				"$(DERIVED_FILE_DIR)/Pods-CRToolBoxUITests-checkManifestLockResult.txt",
			);
			runOnlyForDeploymentPostprocessing = 0;
			shellPath = /bin/sh;
			shellScript = "diff \"${PODS_PODFILE_DIR_PATH}/Podfile.lock\" \"${PODS_ROOT}/Manifest.lock\" > /dev/null\nif [ $? != 0 ] ; then\n    # print error to STDERR\n    echo \"error: The sandbox is not in sync with the Podfile.lock. Run 'pod install' or update your CocoaPods installation.\" >&2\n    exit 1\nfi\n# This output is used by Xcode 'outputs' to avoid re-running this script phase.\necho \"SUCCESS\" > \"${SCRIPT_OUTPUT_FILE_0}\"\n";
			showEnvVarsInLog = 0;
		};
/* End PBXShellScriptBuildPhase section */

/* Begin PBXSourcesBuildPhase section */
		36088A27FFFC1347F230F25385CC33AB /* Sources */ = {
			isa = PBXSourcesBuildPhase;
			buildActionMask = 2147483647;
			files = (
				E2350A4C7B3E372469F81FD9AAF1EC04 /* CRToolBoxUITests.swift in Sources */,
			);
			runOnlyForDeploymentPostprocessing = 0;
		};
		BD8BB4A82DA374FB1E3611655B242E3A /* Sources */ = {
			isa = PBXSourcesBuildPhase;
			buildActionMask = 2147483647;
			files = (
				FA94053939E2E2F041CA7EBDF0F558F8 /* AppDelegate.swift in Sources */,
				31AA6D902F863FF45EC89780CF746DAB /* Bundle+Extension.swift in Sources */,
				FC44D4107EB43AC74A6DB96C46FAA6CA /* Common.swift in Sources */,
				8157C735B8E2ACCC28409763B683F9EF /* Date+Extension.swift in Sources */,
				EDA4C4CE78079A4946FC225B25E255DB /* Double+Extension.swift in Sources */,
				EFAFF35EEC338B77DDA457491A127B12 /* MoreTools.swift in Sources */,
				EFD7E243BBF615E78375DACCAEB9B16D /* NSNumber+Extension.swift in Sources */,
				CE8BA44EED455263BA3630EC41ADB50C /* String+Extension.swift in Sources */,
				B268D125A02D61152C41450739BB4AEE /* UIAlertController+Extension.swift in Sources */,
				4F22EF8B45FECEAC8F54183B5EB45233 /* UIButton+Extension.swift in Sources */,
				9F8ECE9B33470792676B1E6DC9700A44 /* UICollectionView+Extension.swift in Sources */,
				72E737AEDAF8104366C170B0AEB8DE13 /* UIColor+Extension.swift in Sources */,
				7E6862C27FED635196BBED422F556EBD /* UIDevice+Extension.swift in Sources */,
				CC7AD2F44E6C9272954CD476CF03F096 /* UILabel+Extension.swift in Sources */,
				E13E2759736AA69354C8D837A2465A61 /* UIScreen+Extension.swift in Sources */,
				F563E7454D2BEAC45BC38366771D2B81 /* UITableView+Extension.swift in Sources */,
				5722152061BF930F07CCDC0300CE161D /* UITextField+Extension.swift in Sources */,
				1B8974BF1D4C1A739FCB7C729F741967 /* UIView+Extension.swift in Sources */,
				BFC27BBE21E09FAD0048EBDA /* ObjectMapper_CacheManagerTools.swift in Sources */,
				035A6DF7F7D309C362E0CE52B42C342E /* ViewController.swift in Sources */,
			);
			runOnlyForDeploymentPostprocessing = 0;
		};
		DA6D207BF99BFE4F8C52C250C8D135BD /* Sources */ = {
			isa = PBXSourcesBuildPhase;
			buildActionMask = 2147483647;
			files = (
				BD1114C7E3518B78A380A17FD8FDF040 /* CRToolBoxTests.swift in Sources */,
			);
			runOnlyForDeploymentPostprocessing = 0;
		};
/* End PBXSourcesBuildPhase section */

/* Begin PBXTargetDependency section */
		11482BACC9FFC6B633442828A14EBF29 /* PBXTargetDependency */ = {
			isa = PBXTargetDependency;
			target = DD6DEE83C5B2340928B1BB8798E7BE64 /* CRToolBox */;
			targetProxy = 8099B22C4A5740939C04D1BFE363EC7A /* PBXContainerItemProxy */;
		};
		E832593284DF4B211DF4804296635F19 /* PBXTargetDependency */ = {
			isa = PBXTargetDependency;
			target = DD6DEE83C5B2340928B1BB8798E7BE64 /* CRToolBox */;
			targetProxy = 2472A2C62422E6F8669246EFE93961FC /* PBXContainerItemProxy */;
		};
/* End PBXTargetDependency section */

/* Begin PBXVariantGroup section */
		844ABD43141BCEBE3CDD53A7E08BDA35 /* LaunchScreen.storyboard */ = {
			isa = PBXVariantGroup;
			children = (
				40DEEF48D187222CFE5BE99E00624CF4 /* Base */,
			);
			name = LaunchScreen.storyboard;
			sourceTree = "<group>";
		};
/* End PBXVariantGroup section */

/* Begin XCBuildConfiguration section */
		227BDD9C3DD7BFF2EE8D9A1F0691BF4B /* Debug */ = {
			isa = XCBuildConfiguration;
			baseConfigurationReference = 82C182B9C1ED7768C28BAC20 /* Pods-CRToolBox.debug.xcconfig */;
			buildSettings = {
				ASSETCATALOG_COMPILER_APPICON_NAME = AppIcon;
				CODE_SIGN_STYLE = Automatic;
				DEVELOPMENT_TEAM = GZMNDHAF39;
				INFOPLIST_FILE = "$(SRCROOT)/SupportingFile/Info.plist";
				IPHONEOS_DEPLOYMENT_TARGET = 10.0;
				LD_RUNPATH_SEARCH_PATHS = (
					"$(inherited)",
					"@executable_path/Frameworks",
				);
				PRODUCT_BUNDLE_IDENTIFIER = cn.crios.CRToolBox;
				PRODUCT_NAME = "$(TARGET_NAME)";
				SWIFT_VERSION = 4.0;
				TARGETED_DEVICE_FAMILY = 1;
			};
			name = Debug;
		};
		36E35A85B2D3C2F4AEAAA68001E46576 /* Debug */ = {
			isa = XCBuildConfiguration;
			buildSettings = {
				ALWAYS_SEARCH_USER_PATHS = NO;
				CLANG_ANALYZER_NONNULL = YES;
				CLANG_ANALYZER_NUMBER_OBJECT_CONVERSION = YES_AGGRESSIVE;
				CLANG_CXX_LANGUAGE_STANDARD = "gnu++14";
				CLANG_CXX_LIBRARY = "libc++";
				CLANG_ENABLE_MODULES = YES;
				CLANG_ENABLE_OBJC_ARC = YES;
				CLANG_ENABLE_OBJC_WEAK = YES;
				CLANG_WARN_BLOCK_CAPTURE_AUTORELEASING = YES;
				CLANG_WARN_BOOL_CONVERSION = YES;
				CLANG_WARN_COMMA = YES;
				CLANG_WARN_CONSTANT_CONVERSION = YES;
				CLANG_WARN_DEPRECATED_OBJC_IMPLEMENTATIONS = YES;
				CLANG_WARN_DIRECT_OBJC_ISA_USAGE = YES_ERROR;
				CLANG_WARN_DOCUMENTATION_COMMENTS = YES;
				CLANG_WARN_EMPTY_BODY = YES;
				CLANG_WARN_ENUM_CONVERSION = YES;
				CLANG_WARN_INFINITE_RECURSION = YES;
				CLANG_WARN_INT_CONVERSION = YES;
				CLANG_WARN_NON_LITERAL_NULL_CONVERSION = YES;
				CLANG_WARN_OBJC_IMPLICIT_RETAIN_SELF = YES;
				CLANG_WARN_OBJC_LITERAL_CONVERSION = YES;
				CLANG_WARN_OBJC_ROOT_CLASS = YES_ERROR;
				CLANG_WARN_RANGE_LOOP_ANALYSIS = YES;
				CLANG_WARN_STRICT_PROTOTYPES = YES;
				CLANG_WARN_SUSPICIOUS_MOVE = YES;
				CLANG_WARN_UNGUARDED_AVAILABILITY = YES_AGGRESSIVE;
				CLANG_WARN_UNREACHABLE_CODE = YES;
				CLANG_WARN__DUPLICATE_METHOD_MATCH = YES;
				CODE_SIGN_IDENTITY = "iPhone Developer";
				COPY_PHASE_STRIP = NO;
				DEBUG_INFORMATION_FORMAT = dwarf;
				ENABLE_STRICT_OBJC_MSGSEND = YES;
				ENABLE_TESTABILITY = YES;
				GCC_C_LANGUAGE_STANDARD = gnu11;
				GCC_DYNAMIC_NO_PIC = NO;
				GCC_NO_COMMON_BLOCKS = YES;
				GCC_OPTIMIZATION_LEVEL = 0;
				GCC_PREPROCESSOR_DEFINITIONS = (
					"DEBUG=1",
					"$(inherited)",
				);
				GCC_WARN_64_TO_32_BIT_CONVERSION = YES;
				GCC_WARN_ABOUT_RETURN_TYPE = YES_ERROR;
				GCC_WARN_UNDECLARED_SELECTOR = YES;
				GCC_WARN_UNINITIALIZED_AUTOS = YES_AGGRESSIVE;
				GCC_WARN_UNUSED_FUNCTION = YES;
				GCC_WARN_UNUSED_VARIABLE = YES;
				IPHONEOS_DEPLOYMENT_TARGET = 12.1;
				MTL_ENABLE_DEBUG_INFO = INCLUDE_SOURCE;
				MTL_FAST_MATH = YES;
				ONLY_ACTIVE_ARCH = YES;
				SDKROOT = iphoneos;
				SWIFT_ACTIVE_COMPILATION_CONDITIONS = DEBUG;
				SWIFT_OPTIMIZATION_LEVEL = "-Onone";
			};
			name = Debug;
		};
		3AB8118A670F532AB03073A1382593C9 /* Release */ = {
			isa = XCBuildConfiguration;
			baseConfigurationReference = 9B5AF5FC15FA7BFABF6E276C /* Pods-CRToolBox.release.xcconfig */;
			buildSettings = {
				ASSETCATALOG_COMPILER_APPICON_NAME = AppIcon;
				CODE_SIGN_STYLE = Automatic;
				DEVELOPMENT_TEAM = GZMNDHAF39;
				INFOPLIST_FILE = "$(SRCROOT)/SupportingFile/Info.plist";
				IPHONEOS_DEPLOYMENT_TARGET = 10.0;
				LD_RUNPATH_SEARCH_PATHS = (
					"$(inherited)",
					"@executable_path/Frameworks",
				);
				PRODUCT_BUNDLE_IDENTIFIER = cn.crios.CRToolBox;
				PRODUCT_NAME = "$(TARGET_NAME)";
				SWIFT_VERSION = 4.0;
				TARGETED_DEVICE_FAMILY = 1;
			};
			name = Release;
		};
		4C387798F5CCAFD0EC837927BF883A89 /* Debug */ = {
			isa = XCBuildConfiguration;
			baseConfigurationReference = F9CC4D525E9EB3A6A1EBE524 /* Pods-CRToolBoxTests.debug.xcconfig */;
			buildSettings = {
				ALWAYS_EMBED_SWIFT_STANDARD_LIBRARIES = YES;
				BUNDLE_LOADER = "$(TEST_HOST)";
				CODE_SIGN_STYLE = Automatic;
				DEVELOPMENT_TEAM = GZMNDHAF39;
				INFOPLIST_FILE = CRToolBoxTests/Info.plist;
				LD_RUNPATH_SEARCH_PATHS = (
					"$(inherited)",
					"@executable_path/Frameworks",
					"@loader_path/Frameworks",
				);
				PRODUCT_BUNDLE_IDENTIFIER = cn.crios.CRToolBoxTests;
				PRODUCT_NAME = "$(TARGET_NAME)";
				SWIFT_VERSION = 4.2;
				TARGETED_DEVICE_FAMILY = "1,2";
				TEST_HOST = "$(BUILT_PRODUCTS_DIR)/CRToolBox.app/CRToolBox";
			};
			name = Debug;
		};
		4CF1107B627F36A0BEBA2ACB0D812DB7 /* Release */ = {
			isa = XCBuildConfiguration;
			baseConfigurationReference = 7EB6227E894D5F4228F29EFF /* Pods-CRToolBoxTests.release.xcconfig */;
			buildSettings = {
				ALWAYS_EMBED_SWIFT_STANDARD_LIBRARIES = YES;
				BUNDLE_LOADER = "$(TEST_HOST)";
				CODE_SIGN_STYLE = Automatic;
				DEVELOPMENT_TEAM = GZMNDHAF39;
				INFOPLIST_FILE = CRToolBoxTests/Info.plist;
				LD_RUNPATH_SEARCH_PATHS = (
					"$(inherited)",
					"@executable_path/Frameworks",
					"@loader_path/Frameworks",
				);
				PRODUCT_BUNDLE_IDENTIFIER = cn.crios.CRToolBoxTests;
				PRODUCT_NAME = "$(TARGET_NAME)";
				SWIFT_VERSION = 4.2;
				TARGETED_DEVICE_FAMILY = "1,2";
				TEST_HOST = "$(BUILT_PRODUCTS_DIR)/CRToolBox.app/CRToolBox";
			};
			name = Release;
		};
		588CB8A85892DD41DB29425B523277BB /* Debug */ = {
			isa = XCBuildConfiguration;
			baseConfigurationReference = 2D90C483BB63DF7821E0E18F /* Pods-CRToolBoxUITests.debug.xcconfig */;
			buildSettings = {
				ALWAYS_EMBED_SWIFT_STANDARD_LIBRARIES = YES;
				CODE_SIGN_STYLE = Automatic;
				DEVELOPMENT_TEAM = GZMNDHAF39;
				INFOPLIST_FILE = CRToolBoxUITests/Info.plist;
				LD_RUNPATH_SEARCH_PATHS = (
					"$(inherited)",
					"@executable_path/Frameworks",
					"@loader_path/Frameworks",
				);
				PRODUCT_BUNDLE_IDENTIFIER = cn.crios.CRToolBoxUITests;
				PRODUCT_NAME = "$(TARGET_NAME)";
				SWIFT_VERSION = 4.2;
				TARGETED_DEVICE_FAMILY = "1,2";
				TEST_TARGET_NAME = CRToolBox;
			};
			name = Debug;
		};
		B584D2846ACCE16332CB3C2ED1BEE236 /* Release */ = {
			isa = XCBuildConfiguration;
			buildSettings = {
				ALWAYS_SEARCH_USER_PATHS = NO;
				CLANG_ANALYZER_NONNULL = YES;
				CLANG_ANALYZER_NUMBER_OBJECT_CONVERSION = YES_AGGRESSIVE;
				CLANG_CXX_LANGUAGE_STANDARD = "gnu++14";
				CLANG_CXX_LIBRARY = "libc++";
				CLANG_ENABLE_MODULES = YES;
				CLANG_ENABLE_OBJC_ARC = YES;
				CLANG_ENABLE_OBJC_WEAK = YES;
				CLANG_WARN_BLOCK_CAPTURE_AUTORELEASING = YES;
				CLANG_WARN_BOOL_CONVERSION = YES;
				CLANG_WARN_COMMA = YES;
				CLANG_WARN_CONSTANT_CONVERSION = YES;
				CLANG_WARN_DEPRECATED_OBJC_IMPLEMENTATIONS = YES;
				CLANG_WARN_DIRECT_OBJC_ISA_USAGE = YES_ERROR;
				CLANG_WARN_DOCUMENTATION_COMMENTS = YES;
				CLANG_WARN_EMPTY_BODY = YES;
				CLANG_WARN_ENUM_CONVERSION = YES;
				CLANG_WARN_INFINITE_RECURSION = YES;
				CLANG_WARN_INT_CONVERSION = YES;
				CLANG_WARN_NON_LITERAL_NULL_CONVERSION = YES;
				CLANG_WARN_OBJC_IMPLICIT_RETAIN_SELF = YES;
				CLANG_WARN_OBJC_LITERAL_CONVERSION = YES;
				CLANG_WARN_OBJC_ROOT_CLASS = YES_ERROR;
				CLANG_WARN_RANGE_LOOP_ANALYSIS = YES;
				CLANG_WARN_STRICT_PROTOTYPES = YES;
				CLANG_WARN_SUSPICIOUS_MOVE = YES;
				CLANG_WARN_UNGUARDED_AVAILABILITY = YES_AGGRESSIVE;
				CLANG_WARN_UNREACHABLE_CODE = YES;
				CLANG_WARN__DUPLICATE_METHOD_MATCH = YES;
				CODE_SIGN_IDENTITY = "iPhone Developer";
				COPY_PHASE_STRIP = NO;
				DEBUG_INFORMATION_FORMAT = "dwarf-with-dsym";
				ENABLE_NS_ASSERTIONS = NO;
				ENABLE_STRICT_OBJC_MSGSEND = YES;
				GCC_C_LANGUAGE_STANDARD = gnu11;
				GCC_NO_COMMON_BLOCKS = YES;
				GCC_WARN_64_TO_32_BIT_CONVERSION = YES;
				GCC_WARN_ABOUT_RETURN_TYPE = YES_ERROR;
				GCC_WARN_UNDECLARED_SELECTOR = YES;
				GCC_WARN_UNINITIALIZED_AUTOS = YES_AGGRESSIVE;
				GCC_WARN_UNUSED_FUNCTION = YES;
				GCC_WARN_UNUSED_VARIABLE = YES;
				IPHONEOS_DEPLOYMENT_TARGET = 12.1;
				MTL_ENABLE_DEBUG_INFO = NO;
				MTL_FAST_MATH = YES;
				SDKROOT = iphoneos;
				SWIFT_COMPILATION_MODE = wholemodule;
				SWIFT_OPTIMIZATION_LEVEL = "-O";
				VALIDATE_PRODUCT = YES;
			};
			name = Release;
		};
		E50357936504A4387405B6E77717E722 /* Release */ = {
			isa = XCBuildConfiguration;
			baseConfigurationReference = 0B3C0C3C793CF2F3651DCD4A /* Pods-CRToolBoxUITests.release.xcconfig */;
			buildSettings = {
				ALWAYS_EMBED_SWIFT_STANDARD_LIBRARIES = YES;
				CODE_SIGN_STYLE = Automatic;
				DEVELOPMENT_TEAM = GZMNDHAF39;
				INFOPLIST_FILE = CRToolBoxUITests/Info.plist;
				LD_RUNPATH_SEARCH_PATHS = (
					"$(inherited)",
					"@executable_path/Frameworks",
					"@loader_path/Frameworks",
				);
				PRODUCT_BUNDLE_IDENTIFIER = cn.crios.CRToolBoxUITests;
				PRODUCT_NAME = "$(TARGET_NAME)";
				SWIFT_VERSION = 4.2;
				TARGETED_DEVICE_FAMILY = "1,2";
				TEST_TARGET_NAME = CRToolBox;
			};
			name = Release;
		};
/* End XCBuildConfiguration section */

/* Begin XCConfigurationList section */
		30EF1B551874385E1816F18F896080AF /* Build configuration list for PBXNativeTarget "CRToolBoxUITests" */ = {
			isa = XCConfigurationList;
			buildConfigurations = (
				588CB8A85892DD41DB29425B523277BB /* Debug */,
				E50357936504A4387405B6E77717E722 /* Release */,
			);
			defaultConfigurationIsVisible = 0;
			defaultConfigurationName = Release;
		};
		534A0B2960D682A9D729A4ED64E2506C /* Build configuration list for PBXNativeTarget "CRToolBoxTests" */ = {
			isa = XCConfigurationList;
			buildConfigurations = (
				4C387798F5CCAFD0EC837927BF883A89 /* Debug */,
				4CF1107B627F36A0BEBA2ACB0D812DB7 /* Release */,
			);
			defaultConfigurationIsVisible = 0;
			defaultConfigurationName = Release;
		};
		6E5FD8BAF39E35E5D8DCE9F6684F38AB /* Build configuration list for PBXProject "CRToolBox" */ = {
			isa = XCConfigurationList;
			buildConfigurations = (
				36E35A85B2D3C2F4AEAAA68001E46576 /* Debug */,
				B584D2846ACCE16332CB3C2ED1BEE236 /* Release */,
			);
			defaultConfigurationIsVisible = 0;
			defaultConfigurationName = Release;
		};
		BE324A64D653DF1ED45208603ADB954F /* Build configuration list for PBXNativeTarget "CRToolBox" */ = {
			isa = XCConfigurationList;
			buildConfigurations = (
				227BDD9C3DD7BFF2EE8D9A1F0691BF4B /* Debug */,
				3AB8118A670F532AB03073A1382593C9 /* Release */,
			);
			defaultConfigurationIsVisible = 0;
			defaultConfigurationName = Release;
		};
/* End XCConfigurationList section */
	};
	rootObject = FD24553EEA1101A7FEF4463E74948D47 /* Project object */;
}
